<?xml version="1.0" encoding="utf-8"?>
<Project ToolsVersion="4.0" xmlns="http://schemas.microsoft.com/developer/msbuild/2003">
  <ItemGroup>
    <Filter Include="Source Files">
      <UniqueIdentifier>{4FC737F1-C7A5-4376-A066-2A32D752A2FF}</UniqueIdentifier>
      <Extensions>cpp;c;cc;cxx;def;odl;idl;hpj;bat;asm;asmx</Extensions>
    </Filter>
    <Filter Include="Header Files">
      <UniqueIdentifier>{93995380-89BD-4b04-88EB-625FBE52EBFB}</UniqueIdentifier>
      <Extensions>h;hpp;hxx;hm;inl;inc;xsd</Extensions>
    </Filter>
    <Filter Include="Resource Files">
      <UniqueIdentifier>{67DA6AB6-F800-4c08-8B7A-83BB121AAD01}</UniqueIdentifier>
      <Extensions>rc;ico;cur;bmp;dlg;rc2;rct;bin;rgs;gif;jpg;jpeg;jpe;resx;tiff;tif;png;wav;mfcribbon-ms</Extensions>
    </Filter>
    <Filter Include="Header Files\Containers">
      <UniqueIdentifier>{9ccee8af-70f9-4993-a24a-0612722b201f}</UniqueIdentifier>
    </Filter>
    <Filter Include="Header Files\Concurrency">
      <UniqueIdentifier>{9cb721d1-9bbf-4ace-a79d-5f51b0556b32}</UniqueIdentifier>
    </Filter>
    <Filter Include="Header Files\Base">
      <UniqueIdentifier>{3be390c1-3523-476d-abdc-cc0822559a8d}</UniqueIdentifier>
    </Filter>
  </ItemGroup>
  <ItemGroup>
    <None Include="ReadMe.txt" />
  </ItemGroup>
  <ItemGroup>
    <ClInclude Include="stdafx.h">
      <Filter>Header Files</Filter>
    </ClInclude>
    <ClInclude Include="targetver.h">
      <Filter>Header Files</Filter>
    </ClInclude>
    <ClInclude Include="KKAVLTree.hpp">
      <Filter>Header Files\Containers</Filter>
    </ClInclude>
    <ClInclude Include="KKFibonacciHeap.h">
      <Filter>Header Files\Containers</Filter>
    </ClInclude>
    <ClInclude Include="KKQueue.hpp">
      <Filter>Header Files\Containers</Filter>
    </ClInclude>
    <ClInclude Include="KKRBTree.h">
      <Filter>Header Files\Containers</Filter>
    </ClInclude>
    <ClInclude Include="KKThreadPool.h">
      <Filter>Header Files\Concurrency</Filter>
    </ClInclude>
    <ClInclude Include="KKTask.h">
      <Filter>Header Files\Concurrency</Filter>
    </ClInclude>
    <ClInclude Include="KKAtomic.hpp">
      <Filter>Header Files\Base</Filter>
    </ClInclude>
    <ClInclude Include="KKBase.h">
      <Filter>Header Files\Base</Filter>
    </ClInclude>
    <ClInclude Include="KKBox.h">
      <Filter>Header Files\Base</Filter>
    </ClInclude>
    <ClInclude Include="KKFunctor.h">
      <Filter>Header Files\Base</Filter>
    </ClInclude>
    <ClInclude Include="KKList.h">
      <Filter>Header Files\Base</Filter>
    </ClInclude>
    <ClInclude Include="KKLock.h">
      <Filter>Header Files\Base</Filter>
    </ClInclude>
    <ClInclude Include="KKLockGuard.h">
      <Filter>Header Files\Base</Filter>
    </ClInclude>
    <ClInclude Include="KKNodeBase.hpp">
      <Filter>Header Files\Base</Filter>
    </ClInclude>
    <ClInclude Include="KKObject.h">
      <Filter>Header Files\Base</Filter>
    </ClInclude>
    <ClInclude Include="KKTuple.h">
      <Filter>Header Files\Base</Filter>
    </ClInclude>
    <ClInclude Include="KKHeap.hpp">
      <Filter>Header Files\Base</Filter>
    </ClInclude>
    <ClInclude Include="KKVector.h">
      <Filter>Header Files\Containers</Filter>
    </ClInclude>
    <ClInclude Include="KKHash.hpp">
      <Filter>Header Files\Containers</Filter>
    </ClInclude>
  </ItemGroup>
  <ItemGroup>
    <ClCompile Include="stdafx.cpp">
      <Filter>Source Files</Filter>
    </ClCompile>
    <ClCompile Include="Multiplexer.cpp">
      <Filter>Source Files</Filter>
    </ClCompile>
    <ClCompile Include="KKVectorTests.cpp">
      <Filter>Source Files</Filter>
    </ClCompile>
    <ClCompile Include="KKTask.cpp">
      <Filter>Header Files\Concurrency</Filter>
    </ClCompile>
    <ClCompile Include="KKTests.cpp">
      <Filter>Source Files</Filter>
    </ClCompile>
  </ItemGroup>
</Project>